// !$*UTF8*$!
{
	archiveVersion = 1;
	classes = {
	};
	objectVersion = 56;
	objects = {

/* Begin PBXBuildFile section */
		128334C82CE2636500B1A330 /* monprojet2App.swift in Sources */ = {isa = PBXBuildFile; fileRef = 128334C72CE2636500B1A330 /* monprojet2App.swift */; };
		128334CA2CE2636500B1A330 /* Persistence.swift in Sources */ = {isa = PBXBuildFile; fileRef = 128334C92CE2636500B1A330 /* Persistence.swift */; };
		128334CD2CE2636500B1A330 /* monprojet2.xcdatamodeld in Sources */ = {isa = PBXBuildFile; fileRef = 128334CB2CE2636500B1A330 /* monprojet2.xcdatamodeld */; };
		128334CF2CE2636500B1A330 /* ContentView.swift in Sources */ = {isa = PBXBuildFile; fileRef = 128334CE2CE2636500B1A330 /* ContentView.swift */; };
		128334D12CE2636700B1A330 /* Assets.xcassets in Resources */ = {isa = PBXBuildFile; fileRef = 128334D02CE2636700B1A330 /* Assets.xcassets */; };
		128334D52CE2636700B1A330 /* Preview Assets.xcassets in Resources */ = {isa = PBXBuildFile; fileRef = 128334D42CE2636700B1A330 /* Preview Assets.xcassets */; };
		128334DF2CE2636700B1A330 /* monprojet2Tests.swift in Sources */ = {isa = PBXBuildFile; fileRef = 128334DE2CE2636700B1A330 /* monprojet2Tests.swift */; };
		128334E92CE2636800B1A330 /* monprojet2UITests.swift in Sources */ = {isa = PBXBuildFile; fileRef = 128334E82CE2636800B1A330 /* monprojet2UITests.swift */; };
		128334EB2CE2636800B1A330 /* monprojet2UITestsLaunchTests.swift in Sources */ = {isa = PBXBuildFile; fileRef = 128334EA2CE2636800B1A330 /* monprojet2UITestsLaunchTests.swift */; };
/* End PBXBuildFile section */

/* Begin PBXContainerItemProxy section */
		128334DB2CE2636700B1A330 /* PBXContainerItemProxy */ = {
			isa = PBXContainerItemProxy;
			containerPortal = 128334BC2CE2636500B1A330 /* Project object */;
			proxyType = 1;
			remoteGlobalIDString = 128334C32CE2636500B1A330;
			remoteInfo = monprojet2;
		};
		128334E52CE2636800B1A330 /* PBXContainerItemProxy */ = {
			isa = PBXContainerItemProxy;
			containerPortal = 128334BC2CE2636500B1A330 /* Project object */;
			proxyType = 1;
			remoteGlobalIDString = 128334C32CE2636500B1A330;
			remoteInfo = monprojet2;
		};
/* End PBXContainerItemProxy section */

/* Begin PBXFileReference section */
		128334C42CE2636500B1A330 /* monprojet2.app */ = {isa = PBXFileReference; explicitFileType = wrapper.application; includeInIndex = 0; path = monprojet2.app; sourceTree = BUILT_PRODUCTS_DIR; };
		128334C72CE2636500B1A330 /* monprojet2App.swift */ = {isa = PBXFileReference; lastKnownFileType = sourcecode.swift; path = monprojet2App.swift; sourceTree = "<group>"; };
		128334C92CE2636500B1A330 /* Persistence.swift */ = {isa = PBXFileReference; lastKnownFileType = sourcecode.swift; path = Persistence.swift; sourceTree = "<group>"; };
		128334CC2CE2636500B1A330 /* monprojet2.xcdatamodel */ = {isa = PBXFileReference; lastKnownFileType = wrapper.xcdatamodel; path = monprojet2.xcdatamodel; sourceTree = "<group>"; };
		128334CE2CE2636500B1A330 /* ContentView.swift */ = {isa = PBXFileReference; lastKnownFileType = sourcecode.swift; path = ContentView.swift; sourceTree = "<group>"; };
		128334D02CE2636700B1A330 /* Assets.xcassets */ = {isa = PBXFileReference; lastKnownFileType = folder.assetcatalog; path = Assets.xcassets; sourceTree = "<group>"; };
		128334D22CE2636700B1A330 /* monprojet2.entitlements */ = {isa = PBXFileReference; lastKnownFileType = text.plist.entitlements; path = monprojet2.entitlements; sourceTree = "<group>"; };
		128334D42CE2636700B1A330 /* Preview Assets.xcassets */ = {isa = PBXFileReference; lastKnownFileType = folder.assetcatalog; path = "Preview Assets.xcassets"; sourceTree = "<group>"; };
		128334DA2CE2636700B1A330 /* monprojet2Tests.xctest */ = {isa = PBXFileReference; explicitFileType = wrapper.cfbundle; includeInIndex = 0; path = monprojet2Tests.xctest; sourceTree = BUILT_PRODUCTS_DIR; };
		128334DE2CE2636700B1A330 /* monprojet2Tests.swift */ = {isa = PBXFileReference; lastKnownFileType = sourcecode.swift; path = monprojet2Tests.swift; sourceTree = "<group>"; };
		128334E42CE2636800B1A330 /* monprojet2UITests.xctest */ = {isa = PBXFileReference; explicitFileType = wrapper.cfbundle; includeInIndex = 0; path = monprojet2UITests.xctest; sourceTree = BUILT_PRODUCTS_DIR; };
		128334E82CE2636800B1A330 /* monprojet2UITests.swift */ = {isa = PBXFileReference; lastKnownFileType = sourcecode.swift; path = monprojet2UITests.swift; sourceTree = "<group>"; };
		128334EA2CE2636800B1A330 /* monprojet2UITestsLaunchTests.swift */ = {isa = PBXFileReference; lastKnownFileType = sourcecode.swift; path = monprojet2UITestsLaunchTests.swift; sourceTree = "<group>"; };
/* End PBXFileReference section */

/* Begin PBXFrameworksBuildPhase section */
		128334C12CE2636500B1A330 /* Frameworks */ = {
			isa = PBXFrameworksBuildPhase;
			buildActionMask = 2147483647;
			files = (
			);
			runOnlyForDeploymentPostprocessing = 0;
		};
		128334D72CE2636700B1A330 /* Frameworks */ = {
			isa = PBXFrameworksBuildPhase;
			buildActionMask = 2147483647;
			files = (
			);
			runOnlyForDeploymentPostprocessing = 0;
		};
		128334E12CE2636800B1A330 /* Frameworks */ = {
			isa = PBXFrameworksBuildPhase;
			buildActionMask = 2147483647;
			files = (
			);
			runOnlyForDeploymentPostprocessing = 0;
		};
/* End PBXFrameworksBuildPhase section */

/* Begin PBXGroup section */
		128334BB2CE2636500B1A330 = {
			isa = PBXGroup;
			children = (
				128334C62CE2636500B1A330 /* monprojet2 */,
				128334DD2CE2636700B1A330 /* monprojet2Tests */,
				128334E72CE2636800B1A330 /* monprojet2UITests */,
				128334C52CE2636500B1A330 /* Products */,
			);
			sourceTree = "<group>";
		};
		128334C52CE2636500B1A330 /* Products */ = {
			isa = PBXGroup;
			children = (
				128334C42CE2636500B1A330 /* monprojet2.app */,
				128334DA2CE2636700B1A330 /* monprojet2Tests.xctest */,
				128334E42CE2636800B1A330 /* monprojet2UITests.xctest */,
			);
			name = Products;
			sourceTree = "<group>";
		};
		128334C62CE2636500B1A330 /* monprojet2 */ = {
			isa = PBXGroup;
			children = (
				128334C72CE2636500B1A330 /* monprojet2App.swift */,
				128334C92CE2636500B1A330 /* Persistence.swift */,
				128334CE2CE2636500B1A330 /* ContentView.swift */,
				128334D02CE2636700B1A330 /* Assets.xcassets */,
				128334D22CE2636700B1A330 /* monprojet2.entitlements */,
				128334CB2CE2636500B1A330 /* monprojet2.xcdatamodeld */,
				128334D32CE2636700B1A330 /* Preview Content */,
			);
			path = monprojet2;
			sourceTree = "<group>";
		};
		128334D32CE2636700B1A330 /* Preview Content */ = {
			isa = PBXGroup;
			children = (
				128334D42CE2636700B1A330 /* Preview Assets.xcassets */,
			);
			path = "Preview Content";
			sourceTree = "<group>";
		};
		128334DD2CE2636700B1A330 /* monprojet2Tests */ = {
			isa = PBXGroup;
			children = (
				128334DE2CE2636700B1A330 /* monprojet2Tests.swift */,
			);
			path = monprojet2Tests;
			sourceTree = "<group>";
		};
		128334E72CE2636800B1A330 /* monprojet2UITests */ = {
			isa = PBXGroup;
			children = (
				128334E82CE2636800B1A330 /* monprojet2UITests.swift */,
				128334EA2CE2636800B1A330 /* monprojet2UITestsLaunchTests.swift */,
			);
			path = monprojet2UITests;
			sourceTree = "<group>";
		};
/* End PBXGroup section */

/* Begin PBXNativeTarget section */
		128334C32CE2636500B1A330 /* monprojet2 */ = {
			isa = PBXNativeTarget;
			buildConfigurationList = 128334EE2CE2636800B1A330 /* Build configuration list for PBXNativeTarget "monprojet2" */;
			buildPhases = (
				128334C02CE2636500B1A330 /* Sources */,
				128334C12CE2636500B1A330 /* Frameworks */,
				128334C22CE2636500B1A330 /* Resources */,
			);
			buildRules = (
			);
			dependencies = (
			);
			name = monprojet2;
			productName = monprojet2;
			productReference = 128334C42CE2636500B1A330 /* monprojet2.app */;
			productType = "com.apple.product-type.application";
		};
		128334D92CE2636700B1A330 /* monprojet2Tests */ = {
			isa = PBXNativeTarget;
			buildConfigurationList = 128334F12CE2636800B1A330 /* Build configuration list for PBXNativeTarget "monprojet2Tests" */;
			buildPhases = (
				128334D62CE2636700B1A330 /* Sources */,
				128334D72CE2636700B1A330 /* Frameworks */,
				128334D82CE2636700B1A330 /* Resources */,
			);
			buildRules = (
			);
			dependencies = (
				128334DC2CE2636700B1A330 /* PBXTargetDependency */,
			);
			name = monprojet2Tests;
			productName = monprojet2Tests;
			productReference = 128334DA2CE2636700B1A330 /* monprojet2Tests.xctest */;
			productType = "com.apple.product-type.bundle.unit-test";
		};
		128334E32CE2636800B1A330 /* monprojet2UITests */ = {
			isa = PBXNativeTarget;
			buildConfigurationList = 128334F42CE2636800B1A330 /* Build configuration list for PBXNativeTarget "monprojet2UITests" */;
			buildPhases = (
				128334E02CE2636800B1A330 /* Sources */,
				128334E12CE2636800B1A330 /* Frameworks */,
				128334E22CE2636800B1A330 /* Resources */,
			);
			buildRules = (
			);
			dependencies = (
				128334E62CE2636800B1A330 /* PBXTargetDependency */,
			);
			name = monprojet2UITests;
			productName = monprojet2UITests;
			productReference = 128334E42CE2636800B1A330 /* monprojet2UITests.xctest */;
			productType = "com.apple.product-type.bundle.ui-testing";
		};
/* End PBXNativeTarget section */

/* Begin PBXProject section */
		128334BC2CE2636500B1A330 /* Project object */ = {
			isa = PBXProject;
			attributes = {
				BuildIndependentTargetsInParallel = 1;
				LastSwiftUpdateCheck = 1540;
				LastUpgradeCheck = 1540;
				TargetAttributes = {
					128334C32CE2636500B1A330 = {
						CreatedOnToolsVersion = 15.4;
					};
					128334D92CE2636700B1A330 = {
						CreatedOnToolsVersion = 15.4;
						TestTargetID = 128334C32CE2636500B1A330;
					};
					128334E32CE2636800B1A330 = {
						CreatedOnToolsVersion = 15.4;
						TestTargetID = 128334C32CE2636500B1A330;
					};
				};
			};
			buildConfigurationList = 128334BF2CE2636500B1A330 /* Build configuration list for PBXProject "monprojet2" */;
			compatibilityVersion = "Xcode 14.0";
			developmentRegion = en;
			hasScannedForEncodings = 0;
			knownRegions = (
				en,
				Base,
			);
			mainGroup = 128334BB2CE2636500B1A330;
			productRefGroup = 128334C52CE2636500B1A330 /* Products */;
			projectDirPath = "";
			projectRoot = "";
			targets = (
				128334C32CE2636500B1A330 /* monprojet2 */,
				128334D92CE2636700B1A330 /* monprojet2Tests */,
				128334E32CE2636800B1A330 /* monprojet2UITests */,
			);
		};
/* End PBXProject section */

/* Begin PBXResourcesBuildPhase section */
		128334C22CE2636500B1A330 /* Resources */ = {
			isa = PBXResourcesBuildPhase;
			buildActionMask = 2147483647;
			files = (
				128334D52CE2636700B1A330 /* Preview Assets.xcassets in Resources */,
				128334D12CE2636700B1A330 /* Assets.xcassets in Resources */,
			);
			runOnlyForDeploymentPostprocessing = 0;
		};
		128334D82CE2636700B1A330 /* Resources */ = {
			isa = PBXResourcesBuildPhase;
			buildActionMask = 2147483647;
			files = (
			);
			runOnlyForDeploymentPostprocessing = 0;
		};
		128334E22CE2636800B1A330 /* Resources */ = {
			isa = PBXResourcesBuildPhase;
			buildActionMask = 2147483647;
			files = (
			);
			runOnlyForDeploymentPostprocessing = 0;
		};
/* End PBXResourcesBuildPhase section */

/* Begin PBXSourcesBuildPhase section */
		128334C02CE2636500B1A330 /* Sources */ = {
			isa = PBXSourcesBuildPhase;
			buildActionMask = 2147483647;
			files = (
				128334CD2CE2636500B1A330 /* monprojet2.xcdatamodeld in Sources */,
				128334C82CE2636500B1A330 /* monprojet2App.swift in Sources */,
				128334CF2CE2636500B1A330 /* ContentView.swift in Sources */,
				128334CA2CE2636500B1A330 /* Persistence.swift in Sources */,
			);
			runOnlyForDeploymentPostprocessing = 0;
		};
		128334D62CE2636700B1A330 /* Sources */ = {
			isa = PBXSourcesBuildPhase;
			buildActionMask = 2147483647;
			files = (
				128334DF2CE2636700B1A330 /* monprojet2Tests.swift in Sources */,
			);
			runOnlyForDeploymentPostprocessing = 0;
		};
		128334E02CE2636800B1A330 /* Sources */ = {
			isa = PBXSourcesBuildPhase;
			buildActionMask = 2147483647;
			files = (
				128334EB2CE2636800B1A330 /* monprojet2UITestsLaunchTests.swift in Sources */,
				128334E92CE2636800B1A330 /* monprojet2UITests.swift in Sources */,
			);
			runOnlyForDeploymentPostprocessing = 0;
		};
/* End PBXSourcesBuildPhase section */

/* Begin PBXTargetDependency section */
		128334DC2CE2636700B1A330 /* PBXTargetDependency */ = {
			isa = PBXTargetDependency;
			target = 128334C32CE2636500B1A330 /* monprojet2 */;
			targetProxy = 128334DB2CE2636700B1A330 /* PBXContainerItemProxy */;
		};
		128334E62CE2636800B1A330 /* PBXTargetDependency */ = {
			isa = PBXTargetDependency;
			target = 128334C32CE2636500B1A330 /* monprojet2 */;
			targetProxy = 128334E52CE2636800B1A330 /* PBXContainerItemProxy */;
		};
/* End PBXTargetDependency section */

/* Begin XCBuildConfiguration section */
		128334EC2CE2636800B1A330 /* Debug */ = {
			isa = XCBuildConfiguration;
			buildSettings = {
				ALWAYS_SEARCH_USER_PATHS = NO;
				ASSETCATALOG_COMPILER_GENERATE_SWIFT_ASSET_SYMBOL_EXTENSIONS = YES;
				CLANG_ANALYZER_NONNULL = YES;
				CLANG_ANALYZER_NUMBER_OBJECT_CONVERSION = YES_AGGRESSIVE;
				CLANG_CXX_LANGUAGE_STANDARD = "gnu++20";
				CLANG_ENABLE_MODULES = YES;
				CLANG_ENABLE_OBJC_ARC = YES;
				CLANG_ENABLE_OBJC_WEAK = YES;
				CLANG_WARN_BLOCK_CAPTURE_AUTORELEASING = YES;
				CLANG_WARN_BOOL_CONVERSION = YES;
				CLANG_WARN_COMMA = YES;
				CLANG_WARN_CONSTANT_CONVERSION = YES;
				CLANG_WARN_DEPRECATED_OBJC_IMPLEMENTATIONS = YES;
				CLANG_WARN_DIRECT_OBJC_ISA_USAGE = YES_ERROR;
				CLANG_WARN_DOCUMENTATION_COMMENTS = YES;
				CLANG_WARN_EMPTY_BODY = YES;
				CLANG_WARN_ENUM_CONVERSION = YES;
				CLANG_WARN_INFINITE_RECURSION = YES;
				CLANG_WARN_INT_CONVERSION = YES;
				CLANG_WARN_NON_LITERAL_NULL_CONVERSION = YES;
				CLANG_WARN_OBJC_IMPLICIT_RETAIN_SELF = YES;
				CLANG_WARN_OBJC_LITERAL_CONVERSION = YES;
				CLANG_WARN_OBJC_ROOT_CLASS = YES_ERROR;
				CLANG_WARN_QUOTED_INCLUDE_IN_FRAMEWORK_HEADER = YES;
				CLANG_WARN_RANGE_LOOP_ANALYSIS = YES;
				CLANG_WARN_STRICT_PROTOTYPES = YES;
				CLANG_WARN_SUSPICIOUS_MOVE = YES;
				CLANG_WARN_UNGUARDED_AVAILABILITY = YES_AGGRESSIVE;
				CLANG_WARN_UNREACHABLE_CODE = YES;
				CLANG_WARN__DUPLICATE_METHOD_MATCH = YES;
				COPY_PHASE_STRIP = NO;
				DEBUG_INFORMATION_FORMAT = dwarf;
				ENABLE_STRICT_OBJC_MSGSEND = YES;
				ENABLE_TESTABILITY = YES;
				ENABLE_USER_SCRIPT_SANDBOXING = YES;
				GCC_C_LANGUAGE_STANDARD = gnu17;
				GCC_DYNAMIC_NO_PIC = NO;
				GCC_NO_COMMON_BLOCKS = YES;
				GCC_OPTIMIZATION_LEVEL = 0;
				GCC_PREPROCESSOR_DEFINITIONS = (
					"DEBUG=1",
					"$(inherited)",
				);
				GCC_WARN_64_TO_32_BIT_CONVERSION = YES;
				GCC_WARN_ABOUT_RETURN_TYPE = YES_ERROR;
				GCC_WARN_UNDECLARED_SELECTOR = YES;
				GCC_WARN_UNINITIALIZED_AUTOS = YES_AGGRESSIVE;
				GCC_WARN_UNUSED_FUNCTION = YES;
				GCC_WARN_UNUSED_VARIABLE = YES;
				LOCALIZATION_PREFERS_STRING_CATALOGS = YES;
				MTL_ENABLE_DEBUG_INFO = INCLUDE_SOURCE;
				MTL_FAST_MATH = YES;
				ONLY_ACTIVE_ARCH = YES;
				SWIFT_ACTIVE_COMPILATION_CONDITIONS = "DEBUG $(inherited)";
				SWIFT_OPTIMIZATION_LEVEL = "-Onone";
			};
			name = Debug;
		};
		128334ED2CE2636800B1A330 /* Release */ = {
			isa = XCBuildConfiguration;
			buildSettings = {
				ALWAYS_SEARCH_USER_PATHS = NO;
				ASSETCATALOG_COMPILER_GENERATE_SWIFT_ASSET_SYMBOL_EXTENSIONS = YES;
				CLANG_ANALYZER_NONNULL = YES;
				CLANG_ANALYZER_NUMBER_OBJECT_CONVERSION = YES_AGGRESSIVE;
				CLANG_CXX_LANGUAGE_STANDARD = "gnu++20";
				CLANG_ENABLE_MODULES = YES;
				CLANG_ENABLE_OBJC_ARC = YES;
				CLANG_ENABLE_OBJC_WEAK = YES;
				CLANG_WARN_BLOCK_CAPTURE_AUTORELEASING = YES;
				CLANG_WARN_BOOL_CONVERSION = YES;
				CLANG_WARN_COMMA = YES;
				CLANG_WARN_CONSTANT_CONVERSION = YES;
				CLANG_WARN_DEPRECATED_OBJC_IMPLEMENTATIONS = YES;
				CLANG_WARN_DIRECT_OBJC_ISA_USAGE = YES_ERROR;
				CLANG_WARN_DOCUMENTATION_COMMENTS = YES;
				CLANG_WARN_EMPTY_BODY = YES;
				CLANG_WARN_ENUM_CONVERSION = YES;
				CLANG_WARN_INFINITE_RECURSION = YES;
				CLANG_WARN_INT_CONVERSION = YES;
				CLANG_WARN_NON_LITERAL_NULL_CONVERSION = YES;
				CLANG_WARN_OBJC_IMPLICIT_RETAIN_SELF = YES;
				CLANG_WARN_OBJC_LITERAL_CONVERSION = YES;
				CLANG_WARN_OBJC_ROOT_CLASS = YES_ERROR;
				CLANG_WARN_QUOTED_INCLUDE_IN_FRAMEWORK_HEADER = YES;
				CLANG_WARN_RANGE_LOOP_ANALYSIS = YES;
				CLANG_WARN_STRICT_PROTOTYPES = YES;
				CLANG_WARN_SUSPICIOUS_MOVE = YES;
				CLANG_WARN_UNGUARDED_AVAILABILITY = YES_AGGRESSIVE;
				CLANG_WARN_UNREACHABLE_CODE = YES;
				CLANG_WARN__DUPLICATE_METHOD_MATCH = YES;
				COPY_PHASE_STRIP = NO;
				DEBUG_INFORMATION_FORMAT = "dwarf-with-dsym";
				ENABLE_NS_ASSERTIONS = NO;
				ENABLE_STRICT_OBJC_MSGSEND = YES;
				ENABLE_USER_SCRIPT_SANDBOXING = YES;
				GCC_C_LANGUAGE_STANDARD = gnu17;
				GCC_NO_COMMON_BLOCKS = YES;
				GCC_WARN_64_TO_32_BIT_CONVERSION = YES;
				GCC_WARN_ABOUT_RETURN_TYPE = YES_ERROR;
				GCC_WARN_UNDECLARED_SELECTOR = YES;
				GCC_WARN_UNINITIALIZED_AUTOS = YES_AGGRESSIVE;
				GCC_WARN_UNUSED_FUNCTION = YES;
				GCC_WARN_UNUSED_VARIABLE = YES;
				LOCALIZATION_PREFERS_STRING_CATALOGS = YES;
				MTL_ENABLE_DEBUG_INFO = NO;
				MTL_FAST_MATH = YES;
				SWIFT_COMPILATION_MODE = wholemodule;
			};
			name = Release;
		};
		128334EF2CE2636800B1A330 /* Debug */ = {
			isa = XCBuildConfiguration;
			buildSettings = {
				ASSETCATALOG_COMPILER_APPICON_NAME = AppIcon;
				ASSETCATALOG_COMPILER_GLOBAL_ACCENT_COLOR_NAME = AccentColor;
				CODE_SIGN_ENTITLEMENTS = monprojet2/monprojet2.entitlements;
				CODE_SIGN_STYLE = Automatic;
				CURRENT_PROJECT_VERSION = 1;
				DEVELOPMENT_ASSET_PATHS = "\"monprojet2/Preview Content\"";
				DEVELOPMENT_TEAM = 222TTY22W3;
				ENABLE_HARDENED_RUNTIME = YES;
				ENABLE_PREVIEWS = YES;
				GENERATE_INFOPLIST_FILE = YES;
				"INFOPLIST_KEY_UIApplicationSceneManifest_Generation[sdk=iphoneos*]" = YES;
				"INFOPLIST_KEY_UIApplicationSceneManifest_Generation[sdk=iphonesimulator*]" = YES;
				"INFOPLIST_KEY_UIApplicationSupportsIndirectInputEvents[sdk=iphoneos*]" = YES;
				"INFOPLIST_KEY_UIApplicationSupportsIndirectInputEvents[sdk=iphonesimulator*]" = YES;
				"INFOPLIST_KEY_UILaunchScreen_Generation[sdk=iphoneos*]" = YES;
				"INFOPLIST_KEY_UILaunchScreen_Generation[sdk=iphonesimulator*]" = YES;
				"INFOPLIST_KEY_UIStatusBarStyle[sdk=iphoneos*]" = UIStatusBarStyleDefault;
				"INFOPLIST_KEY_UIStatusBarStyle[sdk=iphonesimulator*]" = UIStatusBarStyleDefault;
				INFOPLIST_KEY_UISupportedInterfaceOrientations_iPad = "UIInterfaceOrientationPortrait UIInterfaceOrientationPortraitUpsideDown UIInterfaceOrientationLandscapeLeft UIInterfaceOrientationLandscapeRight";
				INFOPLIST_KEY_UISupportedInterfaceOrientations_iPhone = "UIInterfaceOrientationPortrait UIInterfaceOrientationLandscapeLeft UIInterfaceOrientationLandscapeRight";
				IPHONEOS_DEPLOYMENT_TARGET = 17.5;
				LD_RUNPATH_SEARCH_PATHS = "@executable_path/Frameworks";
				"LD_RUNPATH_SEARCH_PATHS[sdk=macosx*]" = "@executable_path/../Frameworks";
				MACOSX_DEPLOYMENT_TARGET = 14.5;
				MARKETING_VERSION = 1.0;
				PRODUCT_BUNDLE_IDENTIFIER = "yves-tourniaire.monprojet2";
				PRODUCT_NAME = "$(TARGET_NAME)";
				SDKROOT = auto;
				SUPPORTED_PLATFORMS = "iphoneos iphonesimulator macosx";
				SWIFT_EMIT_LOC_STRINGS = YES;
				SWIFT_VERSION = 5.0;
				TARGETED_DEVICE_FAMILY = "1,2";
			};
			name = Debug;
		};
		128334F02CE2636800B1A330 /* Release */ = {
			isa = XCBuildConfiguration;
			buildSettings = {
				ASSETCATALOG_COMPILER_APPICON_NAME = AppIcon;
				ASSETCATALOG_COMPILER_GLOBAL_ACCENT_COLOR_NAME = AccentColor;
				CODE_SIGN_ENTITLEMENTS = monprojet2/monprojet2.entitlements;
				CODE_SIGN_STYLE = Automatic;
				CURRENT_PROJECT_VERSION = 1;
				DEVELOPMENT_ASSET_PATHS = "\"monprojet2/Preview Content\"";
				DEVELOPMENT_TEAM = 222TTY22W3;
				ENABLE_HARDENED_RUNTIME = YES;
				ENABLE_PREVIEWS = YES;
				GENERATE_INFOPLIST_FILE = YES;
				"INFOPLIST_KEY_UIApplicationSceneManifest_Generation[sdk=iphoneos*]" = YES;
				"INFOPLIST_KEY_UIApplicationSceneManifest_Generation[sdk=iphonesimulator*]" = YES;
				"INFOPLIST_KEY_UIApplicationSupportsIndirectInputEvents[sdk=iphoneos*]" = YES;
				"INFOPLIST_KEY_UIApplicationSupportsIndirectInputEvents[sdk=iphonesimulator*]" = YES;
				"INFOPLIST_KEY_UILaunchScreen_Generation[sdk=iphoneos*]" = YES;
				"INFOPLIST_KEY_UILaunchScreen_Generation[sdk=iphonesimulator*]" = YES;
				"INFOPLIST_KEY_UIStatusBarStyle[sdk=iphoneos*]" = UIStatusBarStyleDefault;
				"INFOPLIST_KEY_UIStatusBarStyle[sdk=iphonesimulator*]" = UIStatusBarStyleDefault;
				INFOPLIST_KEY_UISupportedInterfaceOrientations_iPad = "UIInterfaceOrientationPortrait UIInterfaceOrientationPortraitUpsideDown UIInterfaceOrientationLandscapeLeft UIInterfaceOrientationLandscapeRight";
				INFOPLIST_KEY_UISupportedInterfaceOrientations_iPhone = "UIInterfaceOrientationPortrait UIInterfaceOrientationLandscapeLeft UIInterfaceOrientationLandscapeRight";
				IPHONEOS_DEPLOYMENT_TARGET = 17.5;
				LD_RUNPATH_SEARCH_PATHS = "@executable_path/Frameworks";
				"LD_RUNPATH_SEARCH_PATHS[sdk=macosx*]" = "@executable_path/../Frameworks";
				MACOSX_DEPLOYMENT_TARGET = 14.5;
				MARKETING_VERSION = 1.0;
				PRODUCT_BUNDLE_IDENTIFIER = "yves-tourniaire.monprojet2";
				PRODUCT_NAME = "$(TARGET_NAME)";
				SDKROOT = auto;
				SUPPORTED_PLATFORMS = "iphoneos iphonesimulator macosx";
				SWIFT_EMIT_LOC_STRINGS = YES;
				SWIFT_VERSION = 5.0;
				TARGETED_DEVICE_FAMILY = "1,2";
			};
			name = Release;
		};
		128334F22CE2636800B1A330 /* Debug */ = {
			isa = XCBuildConfiguration;
			buildSettings = {
				ALWAYS_EMBED_SWIFT_STANDARD_LIBRARIES = YES;
				BUNDLE_LOADER = "$(TEST_HOST)";
				CODE_SIGN_STYLE = Automatic;
				CURRENT_PROJECT_VERSION = 1;
				DEVELOPMENT_TEAM = 222TTY22W3;
				GENERATE_INFOPLIST_FILE = YES;
				IPHONEOS_DEPLOYMENT_TARGET = 17.5;
				MACOSX_DEPLOYMENT_TARGET = 14.5;
				MARKETING_VERSION = 1.0;
				PRODUCT_BUNDLE_IDENTIFIER = "yves-tourniaire.monprojet2Tests";
				PRODUCT_NAME = "$(TARGET_NAME)";
				SDKROOT = auto;
				SUPPORTED_PLATFORMS = "iphoneos iphonesimulator macosx";
				SWIFT_EMIT_LOC_STRINGS = NO;
				SWIFT_VERSION = 5.0;
				TARGETED_DEVICE_FAMILY = "1,2";
				TEST_HOST = "$(BUILT_PRODUCTS_DIR)/monprojet2.app/$(BUNDLE_EXECUTABLE_FOLDER_PATH)/monprojet2";
			};
			name = Debug;
		};
		128334F32CE2636800B1A330 /* Release */ = {
			isa = XCBuildConfiguration;
			buildSettings = {
				ALWAYS_EMBED_SWIFT_STANDARD_LIBRARIES = YES;
				BUNDLE_LOADER = "$(TEST_HOST)";
				CODE_SIGN_STYLE = Automatic;
				CURRENT_PROJECT_VERSION = 1;
				DEVELOPMENT_TEAM = 222TTY22W3;
				GENERATE_INFOPLIST_FILE = YES;
				IPHONEOS_DEPLOYMENT_TARGET = 17.5;
				MACOSX_DEPLOYMENT_TARGET = 14.5;
				MARKETING_VERSION = 1.0;
				PRODUCT_BUNDLE_IDENTIFIER = "yves-tourniaire.monprojet2Tests";
				PRODUCT_NAME = "$(TARGET_NAME)";
				SDKROOT = auto;
				SUPPORTED_PLATFORMS = "iphoneos iphonesimulator macosx";
				SWIFT_EMIT_LOC_STRINGS = NO;
				SWIFT_VERSION = 5.0;
				TARGETED_DEVICE_FAMILY = "1,2";
				TEST_HOST = "$(BUILT_PRODUCTS_DIR)/monprojet2.app/$(BUNDLE_EXECUTABLE_FOLDER_PATH)/monprojet2";
			};
			name = Release;
		};
		128334F52CE2636800B1A330 /* Debug */ = {
			isa = XCBuildConfiguration;
			buildSettings = {
				ALWAYS_EMBED_SWIFT_STANDARD_LIBRARIES = YES;
				CODE_SIGN_STYLE = Automatic;
				CURRENT_PROJECT_VERSION = 1;
				DEVELOPMENT_TEAM = 222TTY22W3;
				GENERATE_INFOPLIST_FILE = YES;
				IPHONEOS_DEPLOYMENT_TARGET = 17.5;
				MACOSX_DEPLOYMENT_TARGET = 14.5;
				MARKETING_VERSION = 1.0;
				PRODUCT_BUNDLE_IDENTIFIER = "yves-tourniaire.monprojet2UITests";
				PRODUCT_NAME = "$(TARGET_NAME)";
				SDKROOT = auto;
				SUPPORTED_PLATFORMS = "iphoneos iphonesimulator macosx";
				SWIFT_EMIT_LOC_STRINGS = NO;
				SWIFT_VERSION = 5.0;
				TARGETED_DEVICE_FAMILY = "1,2";
				TEST_TARGET_NAME = monprojet2;
			};
			name = Debug;
		};
		128334F62CE2636800B1A330 /* Release */ = {
			isa = XCBuildConfiguration;
			buildSettings = {
				ALWAYS_EMBED_SWIFT_STANDARD_LIBRARIES = YES;
				CODE_SIGN_STYLE = Automatic;
				CURRENT_PROJECT_VERSION = 1;
				DEVELOPMENT_TEAM = 222TTY22W3;
				GENERATE_INFOPLIST_FILE = YES;
				IPHONEOS_DEPLOYMENT_TARGET = 17.5;
				MACOSX_DEPLOYMENT_TARGET = 14.5;
				MARKETING_VERSION = 1.0;
				PRODUCT_BUNDLE_IDENTIFIER = "yves-tourniaire.monprojet2UITests";
				PRODUCT_NAME = "$(TARGET_NAME)";
				SDKROOT = auto;
				SUPPORTED_PLATFORMS = "iphoneos iphonesimulator macosx";
				SWIFT_EMIT_LOC_STRINGS = NO;
				SWIFT_VERSION = 5.0;
				TARGETED_DEVICE_FAMILY = "1,2";
				TEST_TARGET_NAME = monprojet2;
			};
			name = Release;
		};
/* End XCBuildConfiguration section */

/* Begin XCConfigurationList section */
		128334BF2CE2636500B1A330 /* Build configuration list for PBXProject "monprojet2" */ = {
			isa = XCConfigurationList;
			buildConfigurations = (
				128334EC2CE2636800B1A330 /* Debug */,
				128334ED2CE2636800B1A330 /* Release */,
			);
			defaultConfigurationIsVisible = 0;
			defaultConfigurationName = Release;
		};
		128334EE2CE2636800B1A330 /* Build configuration list for PBXNativeTarget "monprojet2" */ = {
			isa = XCConfigurationList;
			buildConfigurations = (
				128334EF2CE2636800B1A330 /* Debug */,
				128334F02CE2636800B1A330 /* Release */,
			);
			defaultConfigurationIsVisible = 0;
			defaultConfigurationName = Release;
		};
		128334F12CE2636800B1A330 /* Build configuration list for PBXNativeTarget "monprojet2Tests" */ = {
			isa = XCConfigurationList;
			buildConfigurations = (
				128334F22CE2636800B1A330 /* Debug */,
				128334F32CE2636800B1A330 /* Release */,
			);
			defaultConfigurationIsVisible = 0;
			defaultConfigurationName = Release;
		};
		128334F42CE2636800B1A330 /* Build configuration list for PBXNativeTarget "monprojet2UITests" */ = {
			isa = XCConfigurationList;
			buildConfigurations = (
				128334F52CE2636800B1A330 /* Debug */,
				128334F62CE2636800B1A330 /* Release */,
			);
			defaultConfigurationIsVisible = 0;
			defaultConfigurationName = Release;
		};
/* End XCConfigurationList section */

/* Begin XCVersionGroup section */
		128334CB2CE2636500B1A330 /* monprojet2.xcdatamodeld */ = {
			isa = XCVersionGroup;
			children = (
				128334CC2CE2636500B1A330 /* monprojet2.xcdatamodel */,
			);
			currentVersion = 128334CC2CE2636500B1A330 /* monprojet2.xcdatamodel */;
			path = monprojet2.xcdatamodeld;
			sourceTree = "<group>";
			versionGroupType = wrapper.xcdatamodel;
		};
/* End XCVersionGroup section */
	};
	rootObject = 128334BC2CE2636500B1A330 /* Project object */;
}
